%{
  "freshness": {:hex, :freshness, "0.2.5", "59b0e47c7d8142d86d32750e97ed068586260fde61af3d19e4efc033eec08ac8", [:mix], [{:mint, "~> 1.0", [hex: :mint, repo: "hexpm", optional: false]}], "hexpm", "c61738f85ae7d1fca6afb5df76fce51599f69784f3af6090385aebf95da58067"},
  "mint": {:hex, :mint, "1.0.0", "ca5ab33497ba2bdcc42f6cdd3927420a6159116be87c8173658e93c8746703da", [:mix], [{:castore, "~> 0.1.0", [hex: :castore, repo: "hexpm", optional: true]}], "hexpm", "b8943ef1e630879538dd6620bfc189d4d75fab3ad39f3fe9c50539879f7efd84"},
  "saxy": {:hex, :saxy, "1.1.0", "7f31951a120f6c14bbbd03c7b9dc20a555247c253fdf0f38e4c7284ee15b9bda", [:mix], [], "hexpm", "1865c9a3e24c783fbe364a556c4dba6bb1b1ee06e178d413ac40297b8695872e"},
  "telemetry": {:hex, :telemetry, "0.4.1", "ae2718484892448a24470e6aa341bc847c3277bfb8d4e9289f7474d752c09c7f", [:rebar3], [], "hexpm", "4738382e36a0a9a2b6e25d67c960e40e1a2c95560b9f936d8e29de8cd858480f"},
  "telemetry_poller": {:hex, :telemetry_poller, "0.5.0", "4770888ef85599ead39c7f51d6b4b62306e602d96c69b2625d54dea3d9a5204b", [:rebar3], [{:telemetry, "~> 0.4", [hex: :telemetry, repo: "hexpm", optional: false]}], "hexpm", "69e4e8e65b0ae077c9e14cd5f42c7cc486de0e07ac6e3409e6f0e52699a7872c"},
}
